Microsoft Visual Studio Solution File, Format Version 12.00
# Visual Studio Version 18
VisualStudioVersion = 18.2.11415.280 d18.0
MinimumVisualStudioVersion = 10.0.40219.1
Project("{FAE04EC0-301F-11D3-BF4B-00C04F79EFBC}") = "Asistencia", "Asistencia.csproj", "{5AE84B30-8D17-2E54-A09D-85D0171C75AB}"
EndProject
Global
	GlobalSection(SolutionConfigurationPlatforms) = preSolution
		Debug|Any CPU = Debug|Any CPU
		Release|Any CPU = Release|Any CPU
	EndGlobalSection
	GlobalSection(ProjectConfigurationPlatforms) = postSolution
		{5AE84B30-8D17-2E54-A09D-85D0171C75AB}.Debug|Any CPU.ActiveCfg = Debug|Any CPU
		{5AE84B30-8D17-2E54-A09D-85D0171C75AB}.Debug|Any CPU.Build.0 = Debug|Any CPU
		{5AE84B30-8D17-2E54-A09D-85D0171C75AB}.Release|Any CPU.ActiveCfg = Release|Any CPU
		{5AE84B30-8D17-2E54-A09D-85D0171C75AB}.Release|Any CPU.Build.0 = Release|Any CPU
	EndGlobalSection
	GlobalSection(SolutionProperties) = preSolution
		HideSolutionNode = FALSE
	EndGlobalSection
	GlobalSection(ExtensibilityGlobals) = postSolution
		SolutionGuid = {BA084A5B-AD24-4AAC-A56F-4D4D0BD33CB7}
	EndGlobalSection
EndGlobal
